
Microsoft Visual Studio Solution File, Format Version 12.00
# Visual Studio Version 17
VisualStudioVersion = 17.12.35527.113
MinimumVisualStudioVersion = 10.0.40219.1
Project("{2150E333-8FDC-42A3-9474-1A3956D46DE8}") = "Services", "Services", "{6F5A461A-B684-4A7E-95FE-4F319D40C24F}"
EndProject
Project("{2150E333-8FDC-42A3-9474-1A3956D46DE8}") = "Catalog", "Catalog", "{7A470010-C7AA-458E-A6F2-10F2F78FCDCA}"
EndProject
Project("{FAE04EC0-301F-11D3-BF4B-00C04F79EFBC}") = "Catalog.API", "Catalog.API\Catalog.API.csproj", "{AA043D1A-E8CD-4A68-9472-73BB2F0E0E88}"
EndProject
Project("{2150E333-8FDC-42A3-9474-1A3956D46DE8}") = "BuildingBlocks", "BuildingBlocks", "{56FDDECA-862A-4216-A57D-AAB24CE94AC6}"
EndProject
Project("{FAE04EC0-301F-11D3-BF4B-00C04F79EFBC}") = "BuildingBlocks", "BuildingBlocks\BuildingBlocks.csproj", "{72DD8819-3E99-49B5-ACD4-ECBB7E813ACE}"
EndProject
Project("{E53339B2-1760-4266-BCC7-CA923CBCF16C}") = "docker-compose", "docker-compose.dcproj", "{2E2D3A2B-7D41-4B14-8399-BD0108D0BD50}"
EndProject
Project("{2150E333-8FDC-42A3-9474-1A3956D46DE8}") = "Basket", "Basket", "{81206063-76E3-4279-A865-E583CD99FAF3}"
EndProject
Project("{FAE04EC0-301F-11D3-BF4B-00C04F79EFBC}") = "Basket.API", "..\Basket.API\Basket.API.csproj", "{A6D995A7-52C7-4AF2-BC93-5BAB71D24F35}"
EndProject
Global
	GlobalSection(SolutionConfigurationPlatforms) = preSolution
		Debug|Any CPU = Debug|Any CPU
		Release|Any CPU = Release|Any CPU
	EndGlobalSection
	GlobalSection(ProjectConfigurationPlatforms) = postSolution
		{AA043D1A-E8CD-4A68-9472-73BB2F0E0E88}.Debug|Any CPU.ActiveCfg = Debug|Any CPU
		{AA043D1A-E8CD-4A68-9472-73BB2F0E0E88}.Debug|Any CPU.Build.0 = Debug|Any CPU
		{AA043D1A-E8CD-4A68-9472-73BB2F0E0E88}.Release|Any CPU.ActiveCfg = Release|Any CPU
		{AA043D1A-E8CD-4A68-9472-73BB2F0E0E88}.Release|Any CPU.Build.0 = Release|Any CPU
		{72DD8819-3E99-49B5-ACD4-ECBB7E813ACE}.Debug|Any CPU.ActiveCfg = Debug|Any CPU
		{72DD8819-3E99-49B5-ACD4-ECBB7E813ACE}.Debug|Any CPU.Build.0 = Debug|Any CPU
		{72DD8819-3E99-49B5-ACD4-ECBB7E813ACE}.Release|Any CPU.ActiveCfg = Release|Any CPU
		{72DD8819-3E99-49B5-ACD4-ECBB7E813ACE}.Release|Any CPU.Build.0 = Release|Any CPU
		{2E2D3A2B-7D41-4B14-8399-BD0108D0BD50}.Debug|Any CPU.ActiveCfg = Debug|Any CPU
		{2E2D3A2B-7D41-4B14-8399-BD0108D0BD50}.Debug|Any CPU.Build.0 = Debug|Any CPU
		{2E2D3A2B-7D41-4B14-8399-BD0108D0BD50}.Release|Any CPU.ActiveCfg = Release|Any CPU
		{2E2D3A2B-7D41-4B14-8399-BD0108D0BD50}.Release|Any CPU.Build.0 = Release|Any CPU
		{A6D995A7-52C7-4AF2-BC93-5BAB71D24F35}.Debug|Any CPU.ActiveCfg = Debug|Any CPU
		{A6D995A7-52C7-4AF2-BC93-5BAB71D24F35}.Debug|Any CPU.Build.0 = Debug|Any CPU
		{A6D995A7-52C7-4AF2-BC93-5BAB71D24F35}.Release|Any CPU.ActiveCfg = Release|Any CPU
		{A6D995A7-52C7-4AF2-BC93-5BAB71D24F35}.Release|Any CPU.Build.0 = Release|Any CPU
	EndGlobalSection
	GlobalSection(SolutionProperties) = preSolution
		HideSolutionNode = FALSE
	EndGlobalSection
	GlobalSection(NestedProjects) = preSolution
		{7A470010-C7AA-458E-A6F2-10F2F78FCDCA} = {6F5A461A-B684-4A7E-95FE-4F319D40C24F}
		{AA043D1A-E8CD-4A68-9472-73BB2F0E0E88} = {7A470010-C7AA-458E-A6F2-10F2F78FCDCA}
		{72DD8819-3E99-49B5-ACD4-ECBB7E813ACE} = {56FDDECA-862A-4216-A57D-AAB24CE94AC6}
		{81206063-76E3-4279-A865-E583CD99FAF3} = {6F5A461A-B684-4A7E-95FE-4F319D40C24F}
		{A6D995A7-52C7-4AF2-BC93-5BAB71D24F35} = {81206063-76E3-4279-A865-E583CD99FAF3}
	EndGlobalSection
EndGlobal
